{
  "name": "astrasafe-ai",
  "version": "1.1.0",
  "lockfileVersion": 3,
  "requires": true,
  "packages": {
    "": {
      "name": "astrasafe-ai",
      "version": "1.1.0",
      "license": "MIT",
      "dependencies": {
        "@fontsource/ibm-plex-sans": "^5.2.8",
        "lucide": "^1.24.0",
        "three": "^0.185.1"
      },
      "engines": {
        "node": ">=20"
      }
    },
    "node_modules/@fontsource/ibm-plex-sans": {
      "version": "5.2.8",
      "resolved": "https://registry.npmjs.org/@fontsource/ibm-plex-sans/-/ibm-plex-sans-5.2.8.tgz",
      "integrity": "sha512-eztSXjDhPhcpxNIiGTgMebdLP9qS4rWkysuE1V7c+DjOR0qiezaiDaTwQE7bTnG5HxAY/8M43XKDvs3cYq6ZYQ==",
      "license": "OFL-1.1",
      "funding": {
        "url": "https://github.com/sponsors/ayuhito"
      }
    },
    "node_modules/lucide": {
      "version": "1.24.0",
      "resolved": "https://registry.npmjs.org/lucide/-/lucide-1.24.0.tgz",
      "integrity": "sha512-oMAaeuNDc5VCnBb3IjwKYGRT56tqanUm1fyDFT5Tl8hWSZND59gztgjvXje08jKLPVAq0gHJcwZUE8GCQxzBeg==",
      "license": "ISC"
    },
    "node_modules/three": {
      "version": "0.185.1",
      "resolved": "https://registry.npmjs.org/three/-/three-0.185.1.tgz",
      "integrity": "sha512-5aojFCXKwnjBRZvUnt3WFfEcvUJgkN5LlijRFN95hMy8WVkG4I0QNcJE+OuWvuJ0bOdStrbfXn0pkd6/QyiAlg==",
      "license": "MIT"
    }
  }
}
